
Microsoft Visual Studio Solution File, Format Version 12.00
# Visual Studio 15
VisualStudioVersion = 15.0.28010.2050
MinimumVisualStudioVersion = 10.0.40219.1
Project("{FAE04EC0-301F-11D3-BF4B-00C04F79EFBC}") = "program", "program\program.csproj", "{D4D366B9-9BE8-4328-AF06-10EDC677D1F6}"
EndProject
Project("{FAE04EC0-301F-11D3-BF4B-00C04F79EFBC}") = "engine", "engine\engine.csproj", "{4290027A-7BF1-4D8E-99A8-EFB3E5769842}"
EndProject
Global
	GlobalSection(SolutionConfigurationPlatforms) = preSolution
		Debug|Any CPU = Debug|Any CPU
		Release|Any CPU = Release|Any CPU
	EndGlobalSection
	GlobalSection(ProjectConfigurationPlatforms) = postSolution
		{D4D366B9-9BE8-4328-AF06-10EDC677D1F6}.Debug|Any CPU.ActiveCfg = Debug|Any CPU
		{D4D366B9-9BE8-4328-AF06-10EDC677D1F6}.Debug|Any CPU.Build.0 = Debug|Any CPU
		{D4D366B9-9BE8-4328-AF06-10EDC677D1F6}.Release|Any CPU.ActiveCfg = Release|Any CPU
		{D4D366B9-9BE8-4328-AF06-10EDC677D1F6}.Release|Any CPU.Build.0 = Release|Any CPU
		{4290027A-7BF1-4D8E-99A8-EFB3E5769842}.Debug|Any CPU.ActiveCfg = Debug|Any CPU
		{4290027A-7BF1-4D8E-99A8-EFB3E5769842}.Debug|Any CPU.Build.0 = Debug|Any CPU
		{4290027A-7BF1-4D8E-99A8-EFB3E5769842}.Release|Any CPU.ActiveCfg = Release|Any CPU
		{4290027A-7BF1-4D8E-99A8-EFB3E5769842}.Release|Any CPU.Build.0 = Release|Any CPU
	EndGlobalSection
	GlobalSection(SolutionProperties) = preSolution
		HideSolutionNode = FALSE
	EndGlobalSection
	GlobalSection(ExtensibilityGlobals) = postSolution
		SolutionGuid = {4C6AB0CF-FCF6-43F5-818A-6E1883C91042}
	EndGlobalSection
EndGlobal
